
Microsoft Visual Studio Solution File, Format Version 12.00
# Visual Studio Version 17
VisualStudioVersion = 17.10.35122.118
MinimumVisualStudioVersion = 10.0.40219.1
Project("{2150E333-8FDC-42A3-9474-1A3956D46DE8}") = "GMTK2024", "GMTK2024", "{5BEDCA86-3C49-415B-8FA5-D608DE1D68B4}"
EndProject
Project("{D954291E-2A0B-460D-934E-DC6B0785DB48}") = "GMTK2024.Shared", "GMTK2024.Shared\GMTK2024.Shared.shproj", "{14FD16D4-3D61-47BE-A99A-246F8AB049AA}"
EndProject
Project("{9A19103F-16F7-4668-BE54-9A1E7A4F7556}") = "GMTK2024.WindowsDX", "GMTK2024.WindowsDX\GMTK2024.WindowsDX.csproj", "{9769AB54-F8E8-4786-9940-67A201BB5A53}"
EndProject
Project("{9A19103F-16F7-4668-BE54-9A1E7A4F7556}") = "GMTK2024.DesktopGL", "GMTK2024.DesktopGL\GMTK2024.DesktopGL.csproj", "{21377EF5-BAB5-478F-96AA-1B6751CDC190}"
EndProject
Project("{9A19103F-16F7-4668-BE54-9A1E7A4F7556}") = "GMTK2024.BlazorGL", "GMTK2024.BlazorGL\GMTK2024.BlazorGL.csproj", "{1CA957EE-DB41-4991-AC53-3E003AB5E4D8}"
EndProject
Project("{9A19103F-16F7-4668-BE54-9A1E7A4F7556}") = "KNI.Extended", "..\MonoGame.Extended\source\MonoGame.Extended\KNI.Extended.csproj", "{F49B5BED-AD99-4B47-9EAE-B2C5AE65A62C}"
EndProject
Global
	GlobalSection(SolutionConfigurationPlatforms) = preSolution
		Debug|Any CPU = Debug|Any CPU
		Release|Any CPU = Release|Any CPU
	EndGlobalSection
	GlobalSection(ProjectConfigurationPlatforms) = postSolution
		{9769AB54-F8E8-4786-9940-67A201BB5A53}.Debug|Any CPU.ActiveCfg = Debug|Any CPU
		{9769AB54-F8E8-4786-9940-67A201BB5A53}.Debug|Any CPU.Build.0 = Debug|Any CPU
		{9769AB54-F8E8-4786-9940-67A201BB5A53}.Release|Any CPU.ActiveCfg = Release|Any CPU
		{9769AB54-F8E8-4786-9940-67A201BB5A53}.Release|Any CPU.Build.0 = Release|Any CPU
		{21377EF5-BAB5-478F-96AA-1B6751CDC190}.Debug|Any CPU.ActiveCfg = Debug|Any CPU
		{21377EF5-BAB5-478F-96AA-1B6751CDC190}.Debug|Any CPU.Build.0 = Debug|Any CPU
		{21377EF5-BAB5-478F-96AA-1B6751CDC190}.Release|Any CPU.ActiveCfg = Release|Any CPU
		{21377EF5-BAB5-478F-96AA-1B6751CDC190}.Release|Any CPU.Build.0 = Release|Any CPU
		{1CA957EE-DB41-4991-AC53-3E003AB5E4D8}.Debug|Any CPU.ActiveCfg = Debug|Any CPU
		{1CA957EE-DB41-4991-AC53-3E003AB5E4D8}.Debug|Any CPU.Build.0 = Debug|Any CPU
		{1CA957EE-DB41-4991-AC53-3E003AB5E4D8}.Release|Any CPU.ActiveCfg = Release|Any CPU
		{1CA957EE-DB41-4991-AC53-3E003AB5E4D8}.Release|Any CPU.Build.0 = Release|Any CPU
		{F49B5BED-AD99-4B47-9EAE-B2C5AE65A62C}.Debug|Any CPU.ActiveCfg = Debug|Any CPU
		{F49B5BED-AD99-4B47-9EAE-B2C5AE65A62C}.Debug|Any CPU.Build.0 = Debug|Any CPU
		{F49B5BED-AD99-4B47-9EAE-B2C5AE65A62C}.Release|Any CPU.ActiveCfg = Release|Any CPU
		{F49B5BED-AD99-4B47-9EAE-B2C5AE65A62C}.Release|Any CPU.Build.0 = Release|Any CPU
	EndGlobalSection
	GlobalSection(SolutionProperties) = preSolution
		HideSolutionNode = FALSE
	EndGlobalSection
	GlobalSection(NestedProjects) = preSolution
		{14FD16D4-3D61-47BE-A99A-246F8AB049AA} = {5BEDCA86-3C49-415B-8FA5-D608DE1D68B4}
		{9769AB54-F8E8-4786-9940-67A201BB5A53} = {5BEDCA86-3C49-415B-8FA5-D608DE1D68B4}
		{21377EF5-BAB5-478F-96AA-1B6751CDC190} = {5BEDCA86-3C49-415B-8FA5-D608DE1D68B4}
		{1CA957EE-DB41-4991-AC53-3E003AB5E4D8} = {5BEDCA86-3C49-415B-8FA5-D608DE1D68B4}
	EndGlobalSection
	GlobalSection(ExtensibilityGlobals) = postSolution
		SolutionGuid = {87BAE063-4B7D-40D4-B8D4-B38F29D47A28}
	EndGlobalSection
	GlobalSection(SharedMSBuildProjectFiles) = preSolution
		GMTK2024.Shared\GMTK2024.Shared.projitems*{14fd16d4-3d61-47be-a99a-246f8ab049aa}*SharedItemsImports = 13
		GMTK2024.Shared\GMTK2024.Shared.projitems*{1ca957ee-db41-4991-ac53-3e003ab5e4d8}*SharedItemsImports = 5
		GMTK2024.Shared\GMTK2024.Shared.projitems*{21377ef5-bab5-478f-96aa-1b6751cdc190}*SharedItemsImports = 5
		GMTK2024.Shared\GMTK2024.Shared.projitems*{9769ab54-f8e8-4786-9940-67a201bb5a53}*SharedItemsImports = 5
	EndGlobalSection
EndGlobal
